{
  "name": "merge-redis",
  "version": "1.0.0",
  "lockfileVersion": 1,
  "requires": true,
  "dependencies": {
    "async": {
      "version": "3.1.0",
      "resolved": "http://r.cnpmjs.org/async/download/async-3.1.0.tgz",
      "integrity": "sha1-QrOxKuG3SSe1IX2MABa6r2JGN3I="
    },
    "double-ended-queue": {
      "version": "2.1.0-0",
      "resolved": "http://r.cnpmjs.org/double-ended-queue/download/double-ended-queue-2.1.0-0.tgz",
      "integrity": "sha1-ED01J/0xUo9AGIEwyEHv3XgmTlw="
    },
    "generic-pool": {
      "version": "2.5.4",
      "resolved": "http://r.cnpmjs.org/generic-pool/download/generic-pool-2.5.4.tgz",
      "integrity": "sha1-OMYYhRPhQDCUjsblz2VSPZd5KZs="
    },
    "redis": {
      "version": "2.8.0",
      "resolved": "http://r.cnpmjs.org/redis/download/redis-2.8.0.tgz",
      "integrity": "sha1-ICKI4/WMSfYHnZevehDhMDrhSwI=",
      "requires": {
        "double-ended-queue": "2.1.0-0",
        "redis-commands": "1.5.0",
        "redis-parser": "2.6.0"
      }
    },
    "redis-commands": {
      "version": "1.5.0",
      "resolved": "http://r.cnpmjs.org/redis-commands/download/redis-commands-1.5.0.tgz",
      "integrity": "sha1-gNLiBpj+aI8icSf/nlFkp90X54U="
    },
    "redis-parser": {
      "version": "2.6.0",
      "resolved": "http://r.cnpmjs.org/redis-parser/download/redis-parser-2.6.0.tgz",
      "integrity": "sha1-Uu0J2srBCPGmMcB+m2mUHnoZUEs="
    }
  }
}
